
Microsoft Visual Studio Solution File, Format Version 12.00
# Visual Studio Version 17
VisualStudioVersion = 17.7.34302.85
MinimumVisualStudioVersion = 10.0.40219.1
Project("{9A19103F-16F7-4668-BE54-9A1E7A4F7556}") = "MinimalAPIFx", "MinimalAPIFx\MinimalAPIFx.csproj", "{F094675D-6AD2-4043-B04C-4B7B367BEC78}"
EndProject
Project("{00D1A9C2-B5F0-4AF3-8072-F6C62B433612}") = "FalconxDB", "FalconxDB\FalconxDB.sqlproj", "{BA2C4C4A-98DB-4601-BB6C-9BD9FFB727AE}"
EndProject
Project("{9A19103F-16F7-4668-BE54-9A1E7A4F7556}") = "DataAccess", "DataAccess\DataAccess.csproj", "{BA3DB6D7-016B-4692-B595-57FF556FAFC6}"
EndProject
Global
	GlobalSection(SolutionConfigurationPlatforms) = preSolution
		Debug|Any CPU = Debug|Any CPU
		Debug|x86 = Debug|x86
		Release|Any CPU = Release|Any CPU
		Release|x86 = Release|x86
	EndGlobalSection
	GlobalSection(ProjectConfigurationPlatforms) = postSolution
		{F094675D-6AD2-4043-B04C-4B7B367BEC78}.Debug|Any CPU.ActiveCfg = Debug|Any CPU
		{F094675D-6AD2-4043-B04C-4B7B367BEC78}.Debug|Any CPU.Build.0 = Debug|Any CPU
		{F094675D-6AD2-4043-B04C-4B7B367BEC78}.Debug|x86.ActiveCfg = Release|x86
		{F094675D-6AD2-4043-B04C-4B7B367BEC78}.Debug|x86.Build.0 = Release|x86
		{F094675D-6AD2-4043-B04C-4B7B367BEC78}.Release|Any CPU.ActiveCfg = Release|Any CPU
		{F094675D-6AD2-4043-B04C-4B7B367BEC78}.Release|Any CPU.Build.0 = Release|Any CPU
		{F094675D-6AD2-4043-B04C-4B7B367BEC78}.Release|x86.ActiveCfg = Release|Any CPU
		{F094675D-6AD2-4043-B04C-4B7B367BEC78}.Release|x86.Build.0 = Release|Any CPU
		{BA2C4C4A-98DB-4601-BB6C-9BD9FFB727AE}.Debug|Any CPU.ActiveCfg = Debug|Any CPU
		{BA2C4C4A-98DB-4601-BB6C-9BD9FFB727AE}.Debug|Any CPU.Build.0 = Debug|Any CPU
		{BA2C4C4A-98DB-4601-BB6C-9BD9FFB727AE}.Debug|Any CPU.Deploy.0 = Debug|Any CPU
		{BA2C4C4A-98DB-4601-BB6C-9BD9FFB727AE}.Debug|x86.ActiveCfg = Debug|Any CPU
		{BA2C4C4A-98DB-4601-BB6C-9BD9FFB727AE}.Debug|x86.Build.0 = Debug|Any CPU
		{BA2C4C4A-98DB-4601-BB6C-9BD9FFB727AE}.Debug|x86.Deploy.0 = Debug|Any CPU
		{BA2C4C4A-98DB-4601-BB6C-9BD9FFB727AE}.Release|Any CPU.ActiveCfg = Release|Any CPU
		{BA2C4C4A-98DB-4601-BB6C-9BD9FFB727AE}.Release|Any CPU.Build.0 = Release|Any CPU
		{BA2C4C4A-98DB-4601-BB6C-9BD9FFB727AE}.Release|Any CPU.Deploy.0 = Release|Any CPU
		{BA2C4C4A-98DB-4601-BB6C-9BD9FFB727AE}.Release|x86.ActiveCfg = Release|Any CPU
		{BA2C4C4A-98DB-4601-BB6C-9BD9FFB727AE}.Release|x86.Build.0 = Release|Any CPU
		{BA2C4C4A-98DB-4601-BB6C-9BD9FFB727AE}.Release|x86.Deploy.0 = Release|Any CPU
		{BA3DB6D7-016B-4692-B595-57FF556FAFC6}.Debug|Any CPU.ActiveCfg = Debug|Any CPU
		{BA3DB6D7-016B-4692-B595-57FF556FAFC6}.Debug|Any CPU.Build.0 = Debug|Any CPU
		{BA3DB6D7-016B-4692-B595-57FF556FAFC6}.Debug|x86.ActiveCfg = Debug|Any CPU
		{BA3DB6D7-016B-4692-B595-57FF556FAFC6}.Debug|x86.Build.0 = Debug|Any CPU
		{BA3DB6D7-016B-4692-B595-57FF556FAFC6}.Release|Any CPU.ActiveCfg = Release|Any CPU
		{BA3DB6D7-016B-4692-B595-57FF556FAFC6}.Release|Any CPU.Build.0 = Release|Any CPU
		{BA3DB6D7-016B-4692-B595-57FF556FAFC6}.Release|x86.ActiveCfg = Release|Any CPU
		{BA3DB6D7-016B-4692-B595-57FF556FAFC6}.Release|x86.Build.0 = Release|Any CPU
	EndGlobalSection
	GlobalSection(SolutionProperties) = preSolution
		HideSolutionNode = FALSE
	EndGlobalSection
	GlobalSection(ExtensibilityGlobals) = postSolution
		SolutionGuid = {09868204-A76B-4948-AC72-56A7D0528E00}
	EndGlobalSection
EndGlobal
